
Microsoft Visual Studio Solution File, Format Version 12.00
# Visual Studio 15
VisualStudioVersion = 15.0.28307.168
MinimumVisualStudioVersion = 10.0.40219.1
Project("{FAE04EC0-301F-11D3-BF4B-00C04F79EFBC}") = "lesson5", "lessons\lesson5\lesson5.csproj", "{23E5AC8F-7B66-4B27-808E-2CAB59D8B6A6}"
EndProject
Project("{FAE04EC0-301F-11D3-BF4B-00C04F79EFBC}") = "lesson1", "lessons\lesson1\lesson1.csproj", "{3C42B0F3-99E9-4454-8285-67C6B23D0B2B}"
EndProject
Project("{FAE04EC0-301F-11D3-BF4B-00C04F79EFBC}") = "lesson2", "lessons\lesson2\lesson2.csproj", "{F228CAE5-45AC-4938-8FC7-CFF398B0A1A5}"
EndProject
Project("{FAE04EC0-301F-11D3-BF4B-00C04F79EFBC}") = "lesson3", "lessons\lesson3\lesson3.csproj", "{C212F3DB-4232-407E-894A-EAE00D39E642}"
EndProject
Project("{FAE04EC0-301F-11D3-BF4B-00C04F79EFBC}") = "lesson4", "lessons\lesson4\lesson4.csproj", "{90BF0A1A-170B-4C53-8056-98C0C0432BEF}"
EndProject
Project("{FAE04EC0-301F-11D3-BF4B-00C04F79EFBC}") = "lesson6", "lessons\lesson6\lesson6.csproj", "{F963E254-40A5-4DFE-818F-E94436894853}"
EndProject
Project("{FAE04EC0-301F-11D3-BF4B-00C04F79EFBC}") = "lesson7", "lessons\lesson7\lesson7.csproj", "{2FABFA96-4143-4386-B9AF-3985EC0ABC8B}"
EndProject
Project("{FAE04EC0-301F-11D3-BF4B-00C04F79EFBC}") = "lesson8", "lessons\lesson8\lesson8.csproj", "{D6864440-B568-4E6C-8918-16208EECD6CA}"
EndProject
Project("{FAE04EC0-301F-11D3-BF4B-00C04F79EFBC}") = "lesson9", "lessons\lesson9\lesson9.csproj", "{8E4C4260-5C08-47AF-A820-152BA9CE8AF4}"
EndProject
Project("{FAE04EC0-301F-11D3-BF4B-00C04F79EFBC}") = "lesson10", "lessons\lesson10\lesson10.csproj", "{6C4DD8CB-07E0-4C57-A744-92EB185B28D7}"
EndProject
Project("{FAE04EC0-301F-11D3-BF4B-00C04F79EFBC}") = "lesson11", "lessons\lesson11\lesson11.csproj", "{F3369188-9B17-4D51-8D3B-8CCD4DA03769}"
EndProject
Project("{FAE04EC0-301F-11D3-BF4B-00C04F79EFBC}") = "lesson12", "lessons\lesson12\lesson12.csproj", "{3B2CAB5E-15D8-4DA6-BBE1-334390090CC3}"
EndProject
Project("{FAE04EC0-301F-11D3-BF4B-00C04F79EFBC}") = "lesson13", "lessons\lesson13\lesson13.csproj", "{9164918C-2CE9-4EFD-98F7-807D59E42A22}"
EndProject
Project("{FAE04EC0-301F-11D3-BF4B-00C04F79EFBC}") = "lesson14", "lessons\lesson14\lesson14.csproj", "{D105E613-4D62-4AD2-B684-40DF8F16B504}"
EndProject
Project("{FAE04EC0-301F-11D3-BF4B-00C04F79EFBC}") = "lesson15", "lessons\lesson15\lesson15.csproj", "{182B9BA1-D4C9-4D6F-B03E-9A8AF1813418}"
EndProject
Project("{FAE04EC0-301F-11D3-BF4B-00C04F79EFBC}") = "lesson16", "lessons\lesson16\lesson16.csproj", "{4340CE47-75BB-46C8-B0FF-CE699E9ACCD4}"
EndProject
Project("{FAE04EC0-301F-11D3-BF4B-00C04F79EFBC}") = "lesson17", "lessons\lesson17\lesson17.csproj", "{2BACAA69-DBBD-49EB-B683-937C986E0999}"
EndProject
Project("{FAE04EC0-301F-11D3-BF4B-00C04F79EFBC}") = "lesson90", "lessons\lesson90\lesson90.csproj", "{34A86365-C66D-412A-9AD8-BF9C07F8ACB6}"
EndProject
Project("{FAE04EC0-301F-11D3-BF4B-00C04F79EFBC}") = "lesson91", "lessons\lesson91\lesson91.csproj", "{BE56A435-B0C1-46B0-AD8C-D82C3C03C986}"
EndProject
Project("{FAE04EC0-301F-11D3-BF4B-00C04F79EFBC}") = "lesson92", "lessons\lesson92\lesson92.csproj", "{52F47DD4-9E42-4009-BDE8-2D42F69A4C9B}"
EndProject
Project("{FAE04EC0-301F-11D3-BF4B-00C04F79EFBC}") = "lesson99", "lessons\lesson99\lesson99.csproj", "{DF9C23EB-3D8D-4C4B-ACE7-60520CDA30C0}"
EndProject
Project("{FAE04EC0-301F-11D3-BF4B-00C04F79EFBC}") = "Rubidium2018", "challenges\Rubidium2018\Rubidium2018.csproj", "{B1EC8D77-491D-45DA-827C-DD708DAF2997}"
EndProject
Project("{FAE04EC0-301F-11D3-BF4B-00C04F79EFBC}") = "Strontium2019", "challenges\Strontium2019\Strontium2019.csproj", "{77FC10E0-1E08-4699-9675-9F96B443FC6B}"
EndProject
Project("{FAE04EC0-301F-11D3-BF4B-00C04F79EFBC}") = "Zirconium2019", "challenges\Zirconium2019\Zirconium2019.csproj", "{53F6B942-72AF-46C4-A5C5-588EE6FE5CBF}"
EndProject
Project("{2150E333-8FDC-42A3-9474-1A3956D46DE8}") = "challenges", "challenges", "{FF4607A3-8859-4805-979A-500A73806829}"
EndProject
Project("{2150E333-8FDC-42A3-9474-1A3956D46DE8}") = "lessons", "lessons", "{0F923C30-028C-499C-971A-377B99399183}"
EndProject
Project("{FAE04EC0-301F-11D3-BF4B-00C04F79EFBC}") = "ASML2019", "challenges\ASML2019\ASML2019.csproj", "{235583E0-7EF2-4435-9D32-2C6FE566391A}"
EndProject
Global
	GlobalSection(SolutionConfigurationPlatforms) = preSolution
		Debug|Any CPU = Debug|Any CPU
		Release|Any CPU = Release|Any CPU
	EndGlobalSection
	GlobalSection(ProjectConfigurationPlatforms) = postSolution
		{23E5AC8F-7B66-4B27-808E-2CAB59D8B6A6}.Debug|Any CPU.ActiveCfg = Debug|Any CPU
		{23E5AC8F-7B66-4B27-808E-2CAB59D8B6A6}.Debug|Any CPU.Build.0 = Debug|Any CPU
		{23E5AC8F-7B66-4B27-808E-2CAB59D8B6A6}.Release|Any CPU.ActiveCfg = Release|Any CPU
		{23E5AC8F-7B66-4B27-808E-2CAB59D8B6A6}.Release|Any CPU.Build.0 = Release|Any CPU
		{3C42B0F3-99E9-4454-8285-67C6B23D0B2B}.Debug|Any CPU.ActiveCfg = Debug|Any CPU
		{3C42B0F3-99E9-4454-8285-67C6B23D0B2B}.Debug|Any CPU.Build.0 = Debug|Any CPU
		{3C42B0F3-99E9-4454-8285-67C6B23D0B2B}.Release|Any CPU.ActiveCfg = Release|Any CPU
		{3C42B0F3-99E9-4454-8285-67C6B23D0B2B}.Release|Any CPU.Build.0 = Release|Any CPU
		{F228CAE5-45AC-4938-8FC7-CFF398B0A1A5}.Debug|Any CPU.ActiveCfg = Debug|Any CPU
		{F228CAE5-45AC-4938-8FC7-CFF398B0A1A5}.Debug|Any CPU.Build.0 = Debug|Any CPU
		{F228CAE5-45AC-4938-8FC7-CFF398B0A1A5}.Release|Any CPU.ActiveCfg = Release|Any CPU
		{F228CAE5-45AC-4938-8FC7-CFF398B0A1A5}.Release|Any CPU.Build.0 = Release|Any CPU
		{C212F3DB-4232-407E-894A-EAE00D39E642}.Debug|Any CPU.ActiveCfg = Debug|Any CPU
		{C212F3DB-4232-407E-894A-EAE00D39E642}.Debug|Any CPU.Build.0 = Debug|Any CPU
		{C212F3DB-4232-407E-894A-EAE00D39E642}.Release|Any CPU.ActiveCfg = Release|Any CPU
		{C212F3DB-4232-407E-894A-EAE00D39E642}.Release|Any CPU.Build.0 = Release|Any CPU
		{90BF0A1A-170B-4C53-8056-98C0C0432BEF}.Debug|Any CPU.ActiveCfg = Debug|Any CPU
		{90BF0A1A-170B-4C53-8056-98C0C0432BEF}.Debug|Any CPU.Build.0 = Debug|Any CPU
		{90BF0A1A-170B-4C53-8056-98C0C0432BEF}.Release|Any CPU.ActiveCfg = Release|Any CPU
		{90BF0A1A-170B-4C53-8056-98C0C0432BEF}.Release|Any CPU.Build.0 = Release|Any CPU
		{F963E254-40A5-4DFE-818F-E94436894853}.Debug|Any CPU.ActiveCfg = Debug|Any CPU
		{F963E254-40A5-4DFE-818F-E94436894853}.Debug|Any CPU.Build.0 = Debug|Any CPU
		{F963E254-40A5-4DFE-818F-E94436894853}.Release|Any CPU.ActiveCfg = Release|Any CPU
		{F963E254-40A5-4DFE-818F-E94436894853}.Release|Any CPU.Build.0 = Release|Any CPU
		{2FABFA96-4143-4386-B9AF-3985EC0ABC8B}.Debug|Any CPU.ActiveCfg = Debug|Any CPU
		{2FABFA96-4143-4386-B9AF-3985EC0ABC8B}.Debug|Any CPU.Build.0 = Debug|Any CPU
		{2FABFA96-4143-4386-B9AF-3985EC0ABC8B}.Release|Any CPU.ActiveCfg = Release|Any CPU
		{2FABFA96-4143-4386-B9AF-3985EC0ABC8B}.Release|Any CPU.Build.0 = Release|Any CPU
		{D6864440-B568-4E6C-8918-16208EECD6CA}.Debug|Any CPU.ActiveCfg = Debug|Any CPU
		{D6864440-B568-4E6C-8918-16208EECD6CA}.Debug|Any CPU.Build.0 = Debug|Any CPU
		{D6864440-B568-4E6C-8918-16208EECD6CA}.Release|Any CPU.ActiveCfg = Release|Any CPU
		{D6864440-B568-4E6C-8918-16208EECD6CA}.Release|Any CPU.Build.0 = Release|Any CPU
		{8E4C4260-5C08-47AF-A820-152BA9CE8AF4}.Debug|Any CPU.ActiveCfg = Debug|Any CPU
		{8E4C4260-5C08-47AF-A820-152BA9CE8AF4}.Debug|Any CPU.Build.0 = Debug|Any CPU
		{8E4C4260-5C08-47AF-A820-152BA9CE8AF4}.Release|Any CPU.ActiveCfg = Release|Any CPU
		{8E4C4260-5C08-47AF-A820-152BA9CE8AF4}.Release|Any CPU.Build.0 = Release|Any CPU
		{6C4DD8CB-07E0-4C57-A744-92EB185B28D7}.Debug|Any CPU.ActiveCfg = Debug|Any CPU
		{6C4DD8CB-07E0-4C57-A744-92EB185B28D7}.Debug|Any CPU.Build.0 = Debug|Any CPU
		{6C4DD8CB-07E0-4C57-A744-92EB185B28D7}.Release|Any CPU.ActiveCfg = Release|Any CPU
		{6C4DD8CB-07E0-4C57-A744-92EB185B28D7}.Release|Any CPU.Build.0 = Release|Any CPU
		{F3369188-9B17-4D51-8D3B-8CCD4DA03769}.Debug|Any CPU.ActiveCfg = Debug|Any CPU
		{F3369188-9B17-4D51-8D3B-8CCD4DA03769}.Debug|Any CPU.Build.0 = Debug|Any CPU
		{F3369188-9B17-4D51-8D3B-8CCD4DA03769}.Release|Any CPU.ActiveCfg = Release|Any CPU
		{F3369188-9B17-4D51-8D3B-8CCD4DA03769}.Release|Any CPU.Build.0 = Release|Any CPU
		{3B2CAB5E-15D8-4DA6-BBE1-334390090CC3}.Debug|Any CPU.ActiveCfg = Debug|Any CPU
		{3B2CAB5E-15D8-4DA6-BBE1-334390090CC3}.Debug|Any CPU.Build.0 = Debug|Any CPU
		{3B2CAB5E-15D8-4DA6-BBE1-334390090CC3}.Release|Any CPU.ActiveCfg = Release|Any CPU
		{3B2CAB5E-15D8-4DA6-BBE1-334390090CC3}.Release|Any CPU.Build.0 = Release|Any CPU
		{9164918C-2CE9-4EFD-98F7-807D59E42A22}.Debug|Any CPU.ActiveCfg = Debug|Any CPU
		{9164918C-2CE9-4EFD-98F7-807D59E42A22}.Debug|Any CPU.Build.0 = Debug|Any CPU
		{9164918C-2CE9-4EFD-98F7-807D59E42A22}.Release|Any CPU.ActiveCfg = Release|Any CPU
		{9164918C-2CE9-4EFD-98F7-807D59E42A22}.Release|Any CPU.Build.0 = Release|Any CPU
		{D105E613-4D62-4AD2-B684-40DF8F16B504}.Debug|Any CPU.ActiveCfg = Debug|Any CPU
		{D105E613-4D62-4AD2-B684-40DF8F16B504}.Debug|Any CPU.Build.0 = Debug|Any CPU
		{D105E613-4D62-4AD2-B684-40DF8F16B504}.Release|Any CPU.ActiveCfg = Release|Any CPU
		{D105E613-4D62-4AD2-B684-40DF8F16B504}.Release|Any CPU.Build.0 = Release|Any CPU
		{182B9BA1-D4C9-4D6F-B03E-9A8AF1813418}.Debug|Any CPU.ActiveCfg = Debug|Any CPU
		{182B9BA1-D4C9-4D6F-B03E-9A8AF1813418}.Debug|Any CPU.Build.0 = Debug|Any CPU
		{182B9BA1-D4C9-4D6F-B03E-9A8AF1813418}.Release|Any CPU.ActiveCfg = Release|Any CPU
		{182B9BA1-D4C9-4D6F-B03E-9A8AF1813418}.Release|Any CPU.Build.0 = Release|Any CPU
		{4340CE47-75BB-46C8-B0FF-CE699E9ACCD4}.Debug|Any CPU.ActiveCfg = Debug|Any CPU
		{4340CE47-75BB-46C8-B0FF-CE699E9ACCD4}.Debug|Any CPU.Build.0 = Debug|Any CPU
		{4340CE47-75BB-46C8-B0FF-CE699E9ACCD4}.Release|Any CPU.ActiveCfg = Release|Any CPU
		{4340CE47-75BB-46C8-B0FF-CE699E9ACCD4}.Release|Any CPU.Build.0 = Release|Any CPU
		{2BACAA69-DBBD-49EB-B683-937C986E0999}.Debug|Any CPU.ActiveCfg = Debug|Any CPU
		{2BACAA69-DBBD-49EB-B683-937C986E0999}.Debug|Any CPU.Build.0 = Debug|Any CPU
		{2BACAA69-DBBD-49EB-B683-937C986E0999}.Release|Any CPU.ActiveCfg = Release|Any CPU
		{2BACAA69-DBBD-49EB-B683-937C986E0999}.Release|Any CPU.Build.0 = Release|Any CPU
		{34A86365-C66D-412A-9AD8-BF9C07F8ACB6}.Debug|Any CPU.ActiveCfg = Debug|Any CPU
		{34A86365-C66D-412A-9AD8-BF9C07F8ACB6}.Debug|Any CPU.Build.0 = Debug|Any CPU
		{34A86365-C66D-412A-9AD8-BF9C07F8ACB6}.Release|Any CPU.ActiveCfg = Release|Any CPU
		{34A86365-C66D-412A-9AD8-BF9C07F8ACB6}.Release|Any CPU.Build.0 = Release|Any CPU
		{BE56A435-B0C1-46B0-AD8C-D82C3C03C986}.Debug|Any CPU.ActiveCfg = Debug|Any CPU
		{BE56A435-B0C1-46B0-AD8C-D82C3C03C986}.Debug|Any CPU.Build.0 = Debug|Any CPU
		{BE56A435-B0C1-46B0-AD8C-D82C3C03C986}.Release|Any CPU.ActiveCfg = Release|Any CPU
		{BE56A435-B0C1-46B0-AD8C-D82C3C03C986}.Release|Any CPU.Build.0 = Release|Any CPU
		{52F47DD4-9E42-4009-BDE8-2D42F69A4C9B}.Debug|Any CPU.ActiveCfg = Debug|Any CPU
		{52F47DD4-9E42-4009-BDE8-2D42F69A4C9B}.Debug|Any CPU.Build.0 = Debug|Any CPU
		{52F47DD4-9E42-4009-BDE8-2D42F69A4C9B}.Release|Any CPU.ActiveCfg = Release|Any CPU
		{52F47DD4-9E42-4009-BDE8-2D42F69A4C9B}.Release|Any CPU.Build.0 = Release|Any CPU
		{DF9C23EB-3D8D-4C4B-ACE7-60520CDA30C0}.Debug|Any CPU.ActiveCfg = Debug|Any CPU
		{DF9C23EB-3D8D-4C4B-ACE7-60520CDA30C0}.Debug|Any CPU.Build.0 = Debug|Any CPU
		{DF9C23EB-3D8D-4C4B-ACE7-60520CDA30C0}.Release|Any CPU.ActiveCfg = Release|Any CPU
		{DF9C23EB-3D8D-4C4B-ACE7-60520CDA30C0}.Release|Any CPU.Build.0 = Release|Any CPU
		{B1EC8D77-491D-45DA-827C-DD708DAF2997}.Debug|Any CPU.ActiveCfg = Debug|Any CPU
		{B1EC8D77-491D-45DA-827C-DD708DAF2997}.Debug|Any CPU.Build.0 = Debug|Any CPU
		{B1EC8D77-491D-45DA-827C-DD708DAF2997}.Release|Any CPU.ActiveCfg = Release|Any CPU
		{B1EC8D77-491D-45DA-827C-DD708DAF2997}.Release|Any CPU.Build.0 = Release|Any CPU
		{77FC10E0-1E08-4699-9675-9F96B443FC6B}.Debug|Any CPU.ActiveCfg = Debug|Any CPU
		{77FC10E0-1E08-4699-9675-9F96B443FC6B}.Debug|Any CPU.Build.0 = Debug|Any CPU
		{77FC10E0-1E08-4699-9675-9F96B443FC6B}.Release|Any CPU.ActiveCfg = Release|Any CPU
		{77FC10E0-1E08-4699-9675-9F96B443FC6B}.Release|Any CPU.Build.0 = Release|Any CPU
		{53F6B942-72AF-46C4-A5C5-588EE6FE5CBF}.Debug|Any CPU.ActiveCfg = Debug|Any CPU
		{53F6B942-72AF-46C4-A5C5-588EE6FE5CBF}.Debug|Any CPU.Build.0 = Debug|Any CPU
		{53F6B942-72AF-46C4-A5C5-588EE6FE5CBF}.Release|Any CPU.ActiveCfg = Release|Any CPU
		{53F6B942-72AF-46C4-A5C5-588EE6FE5CBF}.Release|Any CPU.Build.0 = Release|Any CPU
		{235583E0-7EF2-4435-9D32-2C6FE566391A}.Debug|Any CPU.ActiveCfg = Debug|Any CPU
		{235583E0-7EF2-4435-9D32-2C6FE566391A}.Debug|Any CPU.Build.0 = Debug|Any CPU
		{235583E0-7EF2-4435-9D32-2C6FE566391A}.Release|Any CPU.ActiveCfg = Release|Any CPU
		{235583E0-7EF2-4435-9D32-2C6FE566391A}.Release|Any CPU.Build.0 = Release|Any CPU
	EndGlobalSection
	GlobalSection(SolutionProperties) = preSolution
		HideSolutionNode = FALSE
	EndGlobalSection
	GlobalSection(NestedProjects) = preSolution
		{23E5AC8F-7B66-4B27-808E-2CAB59D8B6A6} = {0F923C30-028C-499C-971A-377B99399183}
		{3C42B0F3-99E9-4454-8285-67C6B23D0B2B} = {0F923C30-028C-499C-971A-377B99399183}
		{F228CAE5-45AC-4938-8FC7-CFF398B0A1A5} = {0F923C30-028C-499C-971A-377B99399183}
		{C212F3DB-4232-407E-894A-EAE00D39E642} = {0F923C30-028C-499C-971A-377B99399183}
		{90BF0A1A-170B-4C53-8056-98C0C0432BEF} = {0F923C30-028C-499C-971A-377B99399183}
		{F963E254-40A5-4DFE-818F-E94436894853} = {0F923C30-028C-499C-971A-377B99399183}
		{2FABFA96-4143-4386-B9AF-3985EC0ABC8B} = {0F923C30-028C-499C-971A-377B99399183}
		{D6864440-B568-4E6C-8918-16208EECD6CA} = {0F923C30-028C-499C-971A-377B99399183}
		{8E4C4260-5C08-47AF-A820-152BA9CE8AF4} = {0F923C30-028C-499C-971A-377B99399183}
		{6C4DD8CB-07E0-4C57-A744-92EB185B28D7} = {0F923C30-028C-499C-971A-377B99399183}
		{F3369188-9B17-4D51-8D3B-8CCD4DA03769} = {0F923C30-028C-499C-971A-377B99399183}
		{3B2CAB5E-15D8-4DA6-BBE1-334390090CC3} = {0F923C30-028C-499C-971A-377B99399183}
		{9164918C-2CE9-4EFD-98F7-807D59E42A22} = {0F923C30-028C-499C-971A-377B99399183}
		{D105E613-4D62-4AD2-B684-40DF8F16B504} = {0F923C30-028C-499C-971A-377B99399183}
		{182B9BA1-D4C9-4D6F-B03E-9A8AF1813418} = {0F923C30-028C-499C-971A-377B99399183}
		{4340CE47-75BB-46C8-B0FF-CE699E9ACCD4} = {0F923C30-028C-499C-971A-377B99399183}
		{2BACAA69-DBBD-49EB-B683-937C986E0999} = {0F923C30-028C-499C-971A-377B99399183}
		{34A86365-C66D-412A-9AD8-BF9C07F8ACB6} = {0F923C30-028C-499C-971A-377B99399183}
		{BE56A435-B0C1-46B0-AD8C-D82C3C03C986} = {0F923C30-028C-499C-971A-377B99399183}
		{52F47DD4-9E42-4009-BDE8-2D42F69A4C9B} = {0F923C30-028C-499C-971A-377B99399183}
		{DF9C23EB-3D8D-4C4B-ACE7-60520CDA30C0} = {0F923C30-028C-499C-971A-377B99399183}
		{B1EC8D77-491D-45DA-827C-DD708DAF2997} = {FF4607A3-8859-4805-979A-500A73806829}
		{77FC10E0-1E08-4699-9675-9F96B443FC6B} = {FF4607A3-8859-4805-979A-500A73806829}
		{53F6B942-72AF-46C4-A5C5-588EE6FE5CBF} = {FF4607A3-8859-4805-979A-500A73806829}
		{235583E0-7EF2-4435-9D32-2C6FE566391A} = {FF4607A3-8859-4805-979A-500A73806829}
	EndGlobalSection
	GlobalSection(ExtensibilityGlobals) = postSolution
		SolutionGuid = {F97E3407-79EB-42D8-8A6F-8FBCBAA29781}
	EndGlobalSection
EndGlobal
